github.com/nobishino/gomodules-a v1.2.0 h1:IAs/rJHs2O93M0W0PoUtGS31j9bC6mkPIAF3hkmmERY=
github.com/nobishino/gomodules-a v1.2.0/go.mod h1:b9eBrQiL8fR8WhoYmCSbUl+FblSZ7HlhZ72z8JhlSYQ=
github.com/nobishino/gomodules-c v1.3.0 h1:/zLx85992aHnW51ungmGTWLUpFgUAZ/gL0VJH/b1X6A=
github.com/nobishino/gomodules-c v1.3.0/go.mod h1:IVEfEQm5ULdoFQmU7eQI2VurqH4mT9fG5QcOX0CapzE=
github.com/nobishino/gomodules-d v1.2.0 h1:hbi7JETorA5XjwUIou4uU4BvZ7pBpTIWwh0JIQgJsqA=
github.com/nobishino/gomodules-d v1.2.0/go.mod h1:mwFPJRNt3Dx9YFdyqIEGqKanh9UXqCjktePrhixAVow=
