github.com/nobishino/gomodules-a v1.2.0 h1:IAs/rJHs2O93M0W0PoUtGS31j9bC6mkPIAF3hkmmERY=
github.com/nobishino/gomodules-a v1.2.0/go.mod h1:b9eBrQiL8fR8WhoYmCSbUl+FblSZ7HlhZ72z8JhlSYQ=
github.com/nobishino/gomodules-b v1.2.0 h1:QPdCbQBa+VFYZkpzYiOGlzbQ4ZvBvB7wRugw9YSxMAU=
github.com/nobishino/gomodules-b v1.2.0/go.mod h1:Dy6KvOLej1mXRI8aP5H1aDYIfwlxpIUsbeCqLMVrGTw=
github.com/nobishino/gomodules-c v1.4.0 h1:yunH2w7y6BuyMvToyeyxQIwqUM1AW7O/gA14NG/2OhE=
github.com/nobishino/gomodules-c v1.4.0/go.mod h1:IVEfEQm5ULdoFQmU7eQI2VurqH4mT9fG5QcOX0CapzE=
github.com/nobishino/gomodules-d v1.2.0 h1:hbi7JETorA5XjwUIou4uU4BvZ7pBpTIWwh0JIQgJsqA=
github.com/nobishino/gomodules-d v1.2.0/go.mod h1:mwFPJRNt3Dx9YFdyqIEGqKanh9UXqCjktePrhixAVow=
